// !$*UTF8*$!
{
	archiveVersion = 1;
	classes = {
	};
	objectVersion = 46;
	objects = {

/* Begin PBXBuildFile section */
		19506DF517BC5B46006DABEB /* GameController.framework in Frameworks */ = {isa = PBXBuildFile; fileRef = 19506DF417BC5B46006DABEB /* GameController.framework */; };
		5B64E811164373C50043E296 /* UIKit.framework in Frameworks */ = {isa = PBXBuildFile; fileRef = 5B64E810164373C50043E296 /* UIKit.framework */; };
		5B64E813164373C50043E296 /* Foundation.framework in Frameworks */ = {isa = PBXBuildFile; fileRef = 5B64E812164373C50043E296 /* Foundation.framework */; };
		5B64E815164373C50043E296 /* CoreGraphics.framework in Frameworks */ = {isa = PBXBuildFile; fileRef = 5B64E814164373C50043E296 /* CoreGraphics.framework */; };
		5B64E819164373C50043E296 /* OpenGLES.framework in Frameworks */ = {isa = PBXBuildFile; fileRef = 5B64E818164373C50043E296 /* OpenGLES.framework */; };
		5B64E81F164373C50043E296 /* InfoPlist.strings in Resources */ = {isa = PBXBuildFile; fileRef = 5B64E81D164373C50043E296 /* InfoPlist.strings */; };
		5B64E821164373C50043E296 /* main.m in Sources */ = {isa = PBXBuildFile; fileRef = 5B64E820164373C50043E296 /* main.m */; };
		5B64E825164373C50043E296 /* SpinAppDelegate.m in Sources */ = {isa = PBXBuildFile; fileRef = 5B64E824164373C50043E296 /* SpinAppDelegate.m */; };
		5B64E827164373C50043E296 /* Default.png in Resources */ = {isa = PBXBuildFile; fileRef = 5B64E826164373C50043E296 /* Default.png */; };
		5B64E829164373C50043E296 /* Default@2x.png in Resources */ = {isa = PBXBuildFile; fileRef = 5B64E828164373C50043E296 /* Default@2x.png */; };
		5B64E82B164373C50043E296 /* Default-568h@2x.png in Resources */ = {isa = PBXBuildFile; fileRef = 5B64E82A164373C50043E296 /* Default-568h@2x.png */; };
		5B64E83D164375D50043E296 /* SpinViewController.m in Sources */ = {isa = PBXBuildFile; fileRef = 5B64E83C164375D50043E296 /* SpinViewController.m */; };
		5B64E83F164376140043E296 /* SpinViewController.xib in Resources */ = {isa = PBXBuildFile; fileRef = 5B64E83E164376140043E296 /* SpinViewController.xib */; };
		5B64E842164376430043E296 /* SpinView.m in Sources */ = {isa = PBXBuildFile; fileRef = 5B64E841164376430043E296 /* SpinView.m */; };
		5B64E8441643766E0043E296 /* QuartzCore.framework in Frameworks */ = {isa = PBXBuildFile; fileRef = 5B64E8431643766E0043E296 /* QuartzCore.framework */; };
/* End PBXBuildFile section */

/* Begin PBXFileReference section */
		19506DF417BC5B46006DABEB /* GameController.framework */ = {isa = PBXFileReference; lastKnownFileType = wrapper.framework; name = GameController.framework; path = System/Library/Frameworks/GameController.framework; sourceTree = SDKROOT; };
		5B64E80C164373C50043E296 /* Spin.app */ = {isa = PBXFileReference; explicitFileType = wrapper.application; includeInIndex = 0; path = Spin.app; sourceTree = BUILT_PRODUCTS_DIR; };
		5B64E810164373C50043E296 /* UIKit.framework */ = {isa = PBXFileReference; lastKnownFileType = wrapper.framework; name = UIKit.framework; path = System/Library/Frameworks/UIKit.framework; sourceTree = SDKROOT; };
		5B64E812164373C50043E296 /* Foundation.framework */ = {isa = PBXFileReference; lastKnownFileType = wrapper.framework; name = Foundation.framework; path = System/Library/Frameworks/Foundation.framework; sourceTree = SDKROOT; };
		5B64E814164373C50043E296 /* CoreGraphics.framework */ = {isa = PBXFileReference; lastKnownFileType = wrapper.framework; name = CoreGraphics.framework; path = System/Library/Frameworks/CoreGraphics.framework; sourceTree = SDKROOT; };
		5B64E816164373C50043E296 /* GLKit.framework */ = {isa = PBXFileReference; lastKnownFileType = wrapper.framework; name = GLKit.framework; path = System/Library/Frameworks/GLKit.framework; sourceTree = SDKROOT; };
		5B64E818164373C50043E296 /* OpenGLES.framework */ = {isa = PBXFileReference; lastKnownFileType = wrapper.framework; name = OpenGLES.framework; path = System/Library/Frameworks/OpenGLES.framework; sourceTree = SDKROOT; };
		5B64E81C164373C50043E296 /* Spin-Info.plist */ = {isa = PBXFileReference; lastKnownFileType = text.plist.xml; path = "Spin-Info.plist"; sourceTree = "<group>"; };
		5B64E81E164373C50043E296 /* en */ = {isa = PBXFileReference; lastKnownFileType = text.plist.strings; name = en; path = en.lproj/InfoPlist.strings; sourceTree = "<group>"; };
		5B64E820164373C50043E296 /* main.m */ = {isa = PBXFileReference; lastKnownFileType = sourcecode.c.objc; path = main.m; sourceTree = "<group>"; };
		5B64E822164373C50043E296 /* Spin-Prefix.pch */ = {isa = PBXFileReference; lastKnownFileType = sourcecode.c.h; path = "Spin-Prefix.pch"; sourceTree = "<group>"; };
		5B64E823164373C50043E296 /* SpinAppDelegate.h */ = {isa = PBXFileReference; lastKnownFileType = sourcecode.c.h; path = SpinAppDelegate.h; sourceTree = "<group>"; };
		5B64E824164373C50043E296 /* SpinAppDelegate.m */ = {isa = PBXFileReference; lastKnownFileType = sourcecode.c.objc; path = SpinAppDelegate.m; sourceTree = "<group>"; };
		5B64E826164373C50043E296 /* Default.png */ = {isa = PBXFileReference; lastKnownFileType = image.png; path = Default.png; sourceTree = "<group>"; };
		5B64E828164373C50043E296 /* Default@2x.png */ = {isa = PBXFileReference; lastKnownFileType = image.png; path = "Default@2x.png"; sourceTree = "<group>"; };
		5B64E82A164373C50043E296 /* Default-568h@2x.png */ = {isa = PBXFileReference; lastKnownFileType = image.png; path = "Default-568h@2x.png"; sourceTree = "<group>"; };
		5B64E83B164375D40043E296 /* SpinViewController.h */ = {isa = PBXFileReference; fileEncoding = 4; lastKnownFileType = sourcecode.c.h; path = SpinViewController.h; sourceTree = "<group>"; };
		5B64E83C164375D50043E296 /* SpinViewController.m */ = {isa = PBXFileReference; fileEncoding = 4; lastKnownFileType = sourcecode.c.objc; path = SpinViewController.m; sourceTree = "<group>"; };
		5B64E83E164376140043E296 /* SpinViewController.xib */ = {isa = PBXFileReference; fileEncoding = 4; lastKnownFileType = file.xib; path = SpinViewController.xib; sourceTree = "<group>"; };
		5B64E840164376430043E296 /* SpinView.h */ = {isa = PBXFileReference; fileEncoding = 4; lastKnownFileType = sourcecode.c.h; path = SpinView.h; sourceTree = "<group>"; };
		5B64E841164376430043E296 /* SpinView.m */ = {isa = PBXFileReference; fileEncoding = 4; lastKnownFileType = sourcecode.c.objc; path = SpinView.m; sourceTree = "<group>"; };
		5B64E8431643766E0043E296 /* QuartzCore.framework */ = {isa = PBXFileReference; lastKnownFileType = wrapper.framework; name = QuartzCore.framework; path = System/Library/Frameworks/QuartzCore.framework; sourceTree = SDKROOT; };
/* End PBXFileReference section */

/* Begin PBXFrameworksBuildPhase section */
		5B64E809164373C50043E296 /* Frameworks */ = {
			isa = PBXFrameworksBuildPhase;
			buildActionMask = 2147483647;
			files = (
				19506DF517BC5B46006DABEB /* GameController.framework in Frameworks */,
				5B64E8441643766E0043E296 /* QuartzCore.framework in Frameworks */,
				5B64E811164373C50043E296 /* UIKit.framework in Frameworks */,
				5B64E813164373C50043E296 /* Foundation.framework in Frameworks */,
				5B64E815164373C50043E296 /* CoreGraphics.framework in Frameworks */,
				5B64E819164373C50043E296 /* OpenGLES.framework in Frameworks */,
			);
			runOnlyForDeploymentPostprocessing = 0;
		};
/* End PBXFrameworksBuildPhase section */

/* Begin PBXGroup section */
		5B64E801164373C50043E296 = {
			isa = PBXGroup;
			children = (
				5B64E81A164373C50043E296 /* Spin */,
				5B64E80F164373C50043E296 /* Frameworks */,
				5B64E80D164373C50043E296 /* Products */,
			);
			sourceTree = "<group>";
		};
		5B64E80D164373C50043E296 /* Products */ = {
			isa = PBXGroup;
			children = (
				5B64E80C164373C50043E296 /* Spin.app */,
			);
			name = Products;
			sourceTree = "<group>";
		};
		5B64E80F164373C50043E296 /* Frameworks */ = {
			isa = PBXGroup;
			children = (
				19506DF417BC5B46006DABEB /* GameController.framework */,
				5B64E8431643766E0043E296 /* QuartzCore.framework */,
				5B64E810164373C50043E296 /* UIKit.framework */,
				5B64E812164373C50043E296 /* Foundation.framework */,
				5B64E814164373C50043E296 /* CoreGraphics.framework */,
				5B64E816164373C50043E296 /* GLKit.framework */,
				5B64E818164373C50043E296 /* OpenGLES.framework */,
			);
			name = Frameworks;
			sourceTree = "<group>";
		};
		5B64E81A164373C50043E296 /* Spin */ = {
			isa = PBXGroup;
			children = (
				5B64E823164373C50043E296 /* SpinAppDelegate.h */,
				5B64E824164373C50043E296 /* SpinAppDelegate.m */,
				5B64E83B164375D40043E296 /* SpinViewController.h */,
				5B64E83C164375D50043E296 /* SpinViewController.m */,
				5B64E840164376430043E296 /* SpinView.h */,
				5B64E841164376430043E296 /* SpinView.m */,
				5B64E81B164373C50043E296 /* Supporting Files */,
			);
			path = Spin;
			sourceTree = "<group>";
		};
		5B64E81B164373C50043E296 /* Supporting Files */ = {
			isa = PBXGroup;
			children = (
				5B64E81C164373C50043E296 /* Spin-Info.plist */,
				5B64E81D164373C50043E296 /* InfoPlist.strings */,
				5B64E820164373C50043E296 /* main.m */,
				5B64E822164373C50043E296 /* Spin-Prefix.pch */,
				5B64E826164373C50043E296 /* Default.png */,
				5B64E828164373C50043E296 /* Default@2x.png */,
				5B64E82A164373C50043E296 /* Default-568h@2x.png */,
				5B64E83E164376140043E296 /* SpinViewController.xib */,
			);
			name = "Supporting Files";
			sourceTree = "<group>";
		};
/* End PBXGroup section */

/* Begin PBXNativeTarget section */
		5B64E80B164373C50043E296 /* Spin */ = {
			isa = PBXNativeTarget;
			buildConfigurationList = 5B64E838164373C60043E296 /* Build configuration list for PBXNativeTarget "Spin" */;
			buildPhases = (
				5B64E808164373C50043E296 /* Sources */,
				5B64E809164373C50043E296 /* Frameworks */,
				5B64E80A164373C50043E296 /* Resources */,
			);
			buildRules = (
			);
			dependencies = (
			);
			name = Spin;
			productName = ThisWayIsUp;
			productReference = 5B64E80C164373C50043E296 /* Spin.app */;
			productType = "com.apple.product-type.application";
		};
/* End PBXNativeTarget section */

/* Begin PBXProject section */
		5B64E803164373C50043E296 /* Project object */ = {
			isa = PBXProject;
			attributes = {
				CLASSPREFIX = Up;
				LastUpgradeCheck = 0450;
				ORGANIZATIONNAME = Apportable;
			};
			buildConfigurationList = 5B64E806164373C50043E296 /* Build configuration list for PBXProject "Spin" */;
			compatibilityVersion = "Xcode 3.2";
			developmentRegion = English;
			hasScannedForEncodings = 0;
			knownRegions = (
				en,
			);
			mainGroup = 5B64E801164373C50043E296;
			productRefGroup = 5B64E80D164373C50043E296 /* Products */;
			projectDirPath = "";
			projectRoot = "";
			targets = (
				5B64E80B164373C50043E296 /* Spin */,
			);
		};
/* End PBXProject section */

/* Begin PBXResourcesBuildPhase section */
		5B64E80A164373C50043E296 /* Resources */ = {
			isa = PBXResourcesBuildPhase;
			buildActionMask = 2147483647;
			files = (
				5B64E81F164373C50043E296 /* InfoPlist.strings in Resources */,
				5B64E827164373C50043E296 /* Default.png in Resources */,
				5B64E829164373C50043E296 /* Default@2x.png in Resources */,
				5B64E82B164373C50043E296 /* Default-568h@2x.png in Resources */,
				5B64E83F164376140043E296 /* SpinViewController.xib in Resources */,
			);
			runOnlyForDeploymentPostprocessing = 0;
		};
/* End PBXResourcesBuildPhase section */

/* Begin PBXSourcesBuildPhase section */
		5B64E808164373C50043E296 /* Sources */ = {
			isa = PBXSourcesBuildPhase;
			buildActionMask = 2147483647;
			files = (
				5B64E821164373C50043E296 /* main.m in Sources */,
				5B64E825164373C50043E296 /* SpinAppDelegate.m in Sources */,
				5B64E83D164375D50043E296 /* SpinViewController.m in Sources */,
				5B64E842164376430043E296 /* SpinView.m in Sources */,
			);
			runOnlyForDeploymentPostprocessing = 0;
		};
/* End PBXSourcesBuildPhase section */

/* Begin PBXVariantGroup section */
		5B64E81D164373C50043E296 /* InfoPlist.strings */ = {
			isa = PBXVariantGroup;
			children = (
				5B64E81E164373C50043E296 /* en */,
			);
			name = InfoPlist.strings;
			sourceTree = "<group>";
		};
/* End PBXVariantGroup section */

/* Begin XCBuildConfiguration section */
		5B64E836164373C60043E296 /* Debug */ = {
			isa = XCBuildConfiguration;
			buildSettings = {
				ALWAYS_SEARCH_USER_PATHS = NO;
				CLANG_CXX_LANGUAGE_STANDARD = "gnu++0x";
				CLANG_CXX_LIBRARY = "libc++";
				CLANG_WARN_EMPTY_BODY = YES;
				CLANG_WARN__DUPLICATE_METHOD_MATCH = YES;
				"CODE_SIGN_IDENTITY[sdk=iphoneos*]" = "iPhone Developer";
				COPY_PHASE_STRIP = NO;
				GCC_C_LANGUAGE_STANDARD = gnu99;
				GCC_DYNAMIC_NO_PIC = NO;
				GCC_OPTIMIZATION_LEVEL = 0;
				GCC_PREPROCESSOR_DEFINITIONS = (
					"DEBUG=1",
					"$(inherited)",
				);
				GCC_SYMBOLS_PRIVATE_EXTERN = NO;
				GCC_WARN_ABOUT_RETURN_TYPE = YES;
				GCC_WARN_UNINITIALIZED_AUTOS = YES;
				GCC_WARN_UNUSED_VARIABLE = YES;
				IPHONEOS_DEPLOYMENT_TARGET = 6.0;
				ONLY_ACTIVE_ARCH = YES;
				SDKROOT = iphoneos;
			};
			name = Debug;
		};
		5B64E837164373C60043E296 /* Release */ = {
			isa = XCBuildConfiguration;
			buildSettings = {
				ALWAYS_SEARCH_USER_PATHS = NO;
				CLANG_CXX_LANGUAGE_STANDARD = "gnu++0x";
				CLANG_CXX_LIBRARY = "libc++";
				CLANG_WARN_EMPTY_BODY = YES;
				CLANG_WARN__DUPLICATE_METHOD_MATCH = YES;
				"CODE_SIGN_IDENTITY[sdk=iphoneos*]" = "iPhone Developer";
				COPY_PHASE_STRIP = YES;
				GCC_C_LANGUAGE_STANDARD = gnu99;
				GCC_WARN_ABOUT_RETURN_TYPE = YES;
				GCC_WARN_UNINITIALIZED_AUTOS = YES;
				GCC_WARN_UNUSED_VARIABLE = YES;
				IPHONEOS_DEPLOYMENT_TARGET = 6.0;
				OTHER_CFLAGS = "-DNS_BLOCK_ASSERTIONS=1";
				SDKROOT = iphoneos;
				VALIDATE_PRODUCT = YES;
			};
			name = Release;
		};
		5B64E839164373C60043E296 /* Debug */ = {
			isa = XCBuildConfiguration;
			buildSettings = {
				GCC_PRECOMPILE_PREFIX_HEADER = YES;
				GCC_PREFIX_HEADER = "Spin/Spin-Prefix.pch";
				INFOPLIST_FILE = "Spin/Spin-Info.plist";
				PRODUCT_NAME = Spin;
				USER_HEADER_SEARCH_PATHS = "$SRCROOT/**";
				WRAPPER_EXTENSION = app;
			};
			name = Debug;
		};
		5B64E83A164373C60043E296 /* Release */ = {
			isa = XCBuildConfiguration;
			buildSettings = {
				GCC_PRECOMPILE_PREFIX_HEADER = YES;
				GCC_PREFIX_HEADER = "Spin/Spin-Prefix.pch";
				INFOPLIST_FILE = "Spin/Spin-Info.plist";
				PRODUCT_NAME = Spin;
				USER_HEADER_SEARCH_PATHS = "$SRCROOT/**";
				WRAPPER_EXTENSION = app;
			};
			name = Release;
		};
/* End XCBuildConfiguration section */

/* Begin XCConfigurationList section */
		5B64E806164373C50043E296 /* Build configuration list for PBXProject "Spin" */ = {
			isa = XCConfigurationList;
			buildConfigurations = (
				5B64E836164373C60043E296 /* Debug */,
				5B64E837164373C60043E296 /* Release */,
			);
			defaultConfigurationIsVisible = 0;
			defaultConfigurationName = Release;
		};
		5B64E838164373C60043E296 /* Build configuration list for PBXNativeTarget "Spin" */ = {
			isa = XCConfigurationList;
			buildConfigurations = (
				5B64E839164373C60043E296 /* Debug */,
				5B64E83A164373C60043E296 /* Release */,
			);
			defaultConfigurationIsVisible = 0;
			defaultConfigurationName = Release;
		};
/* End XCConfigurationList section */
	};
	rootObject = 5B64E803164373C50043E296 /* Project object */;
}
